
Microsoft Visual Studio Solution File, Format Version 12.00
# Visual Studio 14
VisualStudioVersion = 14.0.25123.0
MinimumVisualStudioVersion = 10.0.40219.1
Project("{FAE04EC0-301F-11D3-BF4B-00C04F79EFBC}") = "InfinniPlatform.DesignControls", "InfinniPlatform.DesignControls\InfinniPlatform.DesignControls.csproj", "{9E7FD106-8434-41ED-8DB1-10761C25A25C}"
EndProject
Project("{FAE04EC0-301F-11D3-BF4B-00C04F79EFBC}") = "InfinniPlatform.MetadataDesigner", "InfinniPlatform.MetadataDesigner\InfinniPlatform.MetadataDesigner.csproj", "{B5108924-DDA4-4857-8E15-1ABB0D49C6F6}"
EndProject
Project("{FAE04EC0-301F-11D3-BF4B-00C04F79EFBC}") = "InfinniPlatform.PrintViewDesigner", "InfinniPlatform.PrintViewDesigner\InfinniPlatform.PrintViewDesigner.csproj", "{5E5C6503-E141-4DEC-A930-58C0E4DE0D30}"
EndProject
Project("{FAE04EC0-301F-11D3-BF4B-00C04F79EFBC}") = "InfinniPlatform.QueryDesigner", "InfinniPlatform.QueryDesigner\InfinniPlatform.QueryDesigner.csproj", "{4E041D4E-38DE-469A-B2BA-CB1EC9DE0F71}"
EndProject
Project("{FAE04EC0-301F-11D3-BF4B-00C04F79EFBC}") = "InfinniPlatform.ReportDesigner", "InfinniPlatform.ReportDesigner\InfinniPlatform.ReportDesigner.csproj", "{65734184-A04C-4509-BF68-6F07CA324104}"
EndProject
Project("{FAE04EC0-301F-11D3-BF4B-00C04F79EFBC}") = "InfinniPlatform.UserInterface", "InfinniPlatform.UserInterface\InfinniPlatform.UserInterface.csproj", "{E9AAAC4A-A3DA-4695-8074-BFDE4EE03995}"
EndProject
Global
	GlobalSection(SolutionConfigurationPlatforms) = preSolution
		Debug|Any CPU = Debug|Any CPU
		Release_TeamCity|Any CPU = Release_TeamCity|Any CPU
		Release|Any CPU = Release|Any CPU
	EndGlobalSection
	GlobalSection(ProjectConfigurationPlatforms) = postSolution
		{9E7FD106-8434-41ED-8DB1-10761C25A25C}.Debug|Any CPU.ActiveCfg = Debug|Any CPU
		{9E7FD106-8434-41ED-8DB1-10761C25A25C}.Debug|Any CPU.Build.0 = Debug|Any CPU
		{9E7FD106-8434-41ED-8DB1-10761C25A25C}.Release_TeamCity|Any CPU.ActiveCfg = Release_TeamCity|Any CPU
		{9E7FD106-8434-41ED-8DB1-10761C25A25C}.Release_TeamCity|Any CPU.Build.0 = Release_TeamCity|Any CPU
		{9E7FD106-8434-41ED-8DB1-10761C25A25C}.Release|Any CPU.ActiveCfg = Release|Any CPU
		{9E7FD106-8434-41ED-8DB1-10761C25A25C}.Release|Any CPU.Build.0 = Release|Any CPU
		{B5108924-DDA4-4857-8E15-1ABB0D49C6F6}.Debug|Any CPU.ActiveCfg = Debug|Any CPU
		{B5108924-DDA4-4857-8E15-1ABB0D49C6F6}.Debug|Any CPU.Build.0 = Debug|Any CPU
		{B5108924-DDA4-4857-8E15-1ABB0D49C6F6}.Release_TeamCity|Any CPU.ActiveCfg = Release_TeamCity|Any CPU
		{B5108924-DDA4-4857-8E15-1ABB0D49C6F6}.Release_TeamCity|Any CPU.Build.0 = Release_TeamCity|Any CPU
		{B5108924-DDA4-4857-8E15-1ABB0D49C6F6}.Release|Any CPU.ActiveCfg = Release|Any CPU
		{B5108924-DDA4-4857-8E15-1ABB0D49C6F6}.Release|Any CPU.Build.0 = Release|Any CPU
		{5E5C6503-E141-4DEC-A930-58C0E4DE0D30}.Debug|Any CPU.ActiveCfg = Debug|Any CPU
		{5E5C6503-E141-4DEC-A930-58C0E4DE0D30}.Debug|Any CPU.Build.0 = Debug|Any CPU
		{5E5C6503-E141-4DEC-A930-58C0E4DE0D30}.Release_TeamCity|Any CPU.ActiveCfg = Release_TeamCity|Any CPU
		{5E5C6503-E141-4DEC-A930-58C0E4DE0D30}.Release_TeamCity|Any CPU.Build.0 = Release_TeamCity|Any CPU
		{5E5C6503-E141-4DEC-A930-58C0E4DE0D30}.Release|Any CPU.ActiveCfg = Release|Any CPU
		{5E5C6503-E141-4DEC-A930-58C0E4DE0D30}.Release|Any CPU.Build.0 = Release|Any CPU
		{4E041D4E-38DE-469A-B2BA-CB1EC9DE0F71}.Debug|Any CPU.ActiveCfg = Debug|Any CPU
		{4E041D4E-38DE-469A-B2BA-CB1EC9DE0F71}.Debug|Any CPU.Build.0 = Debug|Any CPU
		{4E041D4E-38DE-469A-B2BA-CB1EC9DE0F71}.Release_TeamCity|Any CPU.ActiveCfg = Release_TeamCity|Any CPU
		{4E041D4E-38DE-469A-B2BA-CB1EC9DE0F71}.Release_TeamCity|Any CPU.Build.0 = Release_TeamCity|Any CPU
		{4E041D4E-38DE-469A-B2BA-CB1EC9DE0F71}.Release|Any CPU.ActiveCfg = Release|Any CPU
		{4E041D4E-38DE-469A-B2BA-CB1EC9DE0F71}.Release|Any CPU.Build.0 = Release|Any CPU
		{65734184-A04C-4509-BF68-6F07CA324104}.Debug|Any CPU.ActiveCfg = Debug|Any CPU
		{65734184-A04C-4509-BF68-6F07CA324104}.Debug|Any CPU.Build.0 = Debug|Any CPU
		{65734184-A04C-4509-BF68-6F07CA324104}.Release_TeamCity|Any CPU.ActiveCfg = Release_TeamCity|Any CPU
		{65734184-A04C-4509-BF68-6F07CA324104}.Release_TeamCity|Any CPU.Build.0 = Release_TeamCity|Any CPU
		{65734184-A04C-4509-BF68-6F07CA324104}.Release|Any CPU.ActiveCfg = Release|Any CPU
		{65734184-A04C-4509-BF68-6F07CA324104}.Release|Any CPU.Build.0 = Release|Any CPU
		{E9AAAC4A-A3DA-4695-8074-BFDE4EE03995}.Debug|Any CPU.ActiveCfg = Debug|Any CPU
		{E9AAAC4A-A3DA-4695-8074-BFDE4EE03995}.Debug|Any CPU.Build.0 = Debug|Any CPU
		{E9AAAC4A-A3DA-4695-8074-BFDE4EE03995}.Release_TeamCity|Any CPU.ActiveCfg = Release_TeamCity|Any CPU
		{E9AAAC4A-A3DA-4695-8074-BFDE4EE03995}.Release_TeamCity|Any CPU.Build.0 = Release_TeamCity|Any CPU
		{E9AAAC4A-A3DA-4695-8074-BFDE4EE03995}.Release|Any CPU.ActiveCfg = Release|Any CPU
		{E9AAAC4A-A3DA-4695-8074-BFDE4EE03995}.Release|Any CPU.Build.0 = Release|Any CPU
	EndGlobalSection
	GlobalSection(SolutionProperties) = preSolution
		HideSolutionNode = FALSE
	EndGlobalSection
EndGlobal
